
Microsoft Visual Studio Solution File, Format Version 12.00
# Visual Studio 15
VisualStudioVersion = 15.0.28010.0
MinimumVisualStudioVersion = 10.0.40219.1
Project("{FAE04EC0-301F-11D3-BF4B-00C04F79EFBC}") = "WindowsMongoFactbook", "WindowsMongoFactbook\WindowsMongoFactbook.csproj", "{208AE11F-2692-47CF-B4C4-6A7AB05B6913}"
EndProject
Global
	GlobalSection(SolutionConfigurationPlatforms) = preSolution
		Debug|Any CPU = Debug|Any CPU
		Release|Any CPU = Release|Any CPU
	EndGlobalSection
	GlobalSection(ProjectConfigurationPlatforms) = postSolution
		{208AE11F-2692-47CF-B4C4-6A7AB05B6913}.Debug|Any CPU.ActiveCfg = Debug|Any CPU
		{208AE11F-2692-47CF-B4C4-6A7AB05B6913}.Debug|Any CPU.Build.0 = Debug|Any CPU
		{208AE11F-2692-47CF-B4C4-6A7AB05B6913}.Release|Any CPU.ActiveCfg = Release|Any CPU
		{208AE11F-2692-47CF-B4C4-6A7AB05B6913}.Release|Any CPU.Build.0 = Release|Any CPU
	EndGlobalSection
	GlobalSection(SolutionProperties) = preSolution
		HideSolutionNode = FALSE
	EndGlobalSection
	GlobalSection(ExtensibilityGlobals) = postSolution
		SolutionGuid = {D00F87C4-1BB6-4D53-8756-690A5380C728}
	EndGlobalSection
EndGlobal
